
Microsoft Visual Studio Solution File, Format Version 12.00
# Visual Studio 15
VisualStudioVersion = 15.0.28307.1267
MinimumVisualStudioVersion = 10.0.40219.1
Project("{FAE04EC0-301F-11D3-BF4B-00C04F79EFBC}") = "HLL", "HLL\HLL.csproj", "{2BFCB851-37DD-4CBB-AB31-74DAE0218A14}"
EndProject
Project("{FAE04EC0-301F-11D3-BF4B-00C04F79EFBC}") = "DAL", "DAL\DAL.csproj", "{B4E44EA5-6A61-49B4-A46A-D596FBBDD54D}"
EndProject
Project("{FAE04EC0-301F-11D3-BF4B-00C04F79EFBC}") = "BLL", "BLL\BLL.csproj", "{CEC2D16B-5023-4A1B-BD85-95111B8F6AE0}"
EndProject
Project("{FAE04EC0-301F-11D3-BF4B-00C04F79EFBC}") = "Models", "Models\Models.csproj", "{FFA7CE88-8328-47B1-B52A-E48E59B516C5}"
EndProject
Global
	GlobalSection(SolutionConfigurationPlatforms) = preSolution
		Debug|Any CPU = Debug|Any CPU
		Release|Any CPU = Release|Any CPU
	EndGlobalSection
	GlobalSection(ProjectConfigurationPlatforms) = postSolution
		{2BFCB851-37DD-4CBB-AB31-74DAE0218A14}.Debug|Any CPU.ActiveCfg = Debug|Any CPU
		{2BFCB851-37DD-4CBB-AB31-74DAE0218A14}.Debug|Any CPU.Build.0 = Debug|Any CPU
		{2BFCB851-37DD-4CBB-AB31-74DAE0218A14}.Release|Any CPU.ActiveCfg = Release|Any CPU
		{2BFCB851-37DD-4CBB-AB31-74DAE0218A14}.Release|Any CPU.Build.0 = Release|Any CPU
		{B4E44EA5-6A61-49B4-A46A-D596FBBDD54D}.Debug|Any CPU.ActiveCfg = Debug|Any CPU
		{B4E44EA5-6A61-49B4-A46A-D596FBBDD54D}.Debug|Any CPU.Build.0 = Debug|Any CPU
		{B4E44EA5-6A61-49B4-A46A-D596FBBDD54D}.Release|Any CPU.ActiveCfg = Release|Any CPU
		{B4E44EA5-6A61-49B4-A46A-D596FBBDD54D}.Release|Any CPU.Build.0 = Release|Any CPU
		{CEC2D16B-5023-4A1B-BD85-95111B8F6AE0}.Debug|Any CPU.ActiveCfg = Debug|Any CPU
		{CEC2D16B-5023-4A1B-BD85-95111B8F6AE0}.Debug|Any CPU.Build.0 = Debug|Any CPU
		{CEC2D16B-5023-4A1B-BD85-95111B8F6AE0}.Release|Any CPU.ActiveCfg = Release|Any CPU
		{CEC2D16B-5023-4A1B-BD85-95111B8F6AE0}.Release|Any CPU.Build.0 = Release|Any CPU
		{FFA7CE88-8328-47B1-B52A-E48E59B516C5}.Debug|Any CPU.ActiveCfg = Debug|Any CPU
		{FFA7CE88-8328-47B1-B52A-E48E59B516C5}.Debug|Any CPU.Build.0 = Debug|Any CPU
		{FFA7CE88-8328-47B1-B52A-E48E59B516C5}.Release|Any CPU.ActiveCfg = Release|Any CPU
		{FFA7CE88-8328-47B1-B52A-E48E59B516C5}.Release|Any CPU.Build.0 = Release|Any CPU
	EndGlobalSection
	GlobalSection(SolutionProperties) = preSolution
		HideSolutionNode = FALSE
	EndGlobalSection
	GlobalSection(ExtensibilityGlobals) = postSolution
		SolutionGuid = {B44BA25D-5E42-43D7-86EB-A181AF4DB98D}
	EndGlobalSection
EndGlobal
